
Microsoft Visual Studio Solution File, Format Version 12.00
# Visual Studio Version 17
VisualStudioVersion = 17.2.32630.192
MinimumVisualStudioVersion = 10.0.40219.1
Project("{FAE04EC0-301F-11D3-BF4B-00C04F79EFBC}") = "Spicy Invader", "Spicy Invader\Spicy Invader.csproj", "{1EB8CF65-1F73-42DA-A728-704892E7DA3C}"
EndProject
Global
	GlobalSection(SolutionConfigurationPlatforms) = preSolution
		Debug|Any CPU = Debug|Any CPU
		Release|Any CPU = Release|Any CPU
	EndGlobalSection
	GlobalSection(ProjectConfigurationPlatforms) = postSolution
		{1EB8CF65-1F73-42DA-A728-704892E7DA3C}.Debug|Any CPU.ActiveCfg = Debug|Any CPU
		{1EB8CF65-1F73-42DA-A728-704892E7DA3C}.Debug|Any CPU.Build.0 = Debug|Any CPU
		{1EB8CF65-1F73-42DA-A728-704892E7DA3C}.Release|Any CPU.ActiveCfg = Release|Any CPU
		{1EB8CF65-1F73-42DA-A728-704892E7DA3C}.Release|Any CPU.Build.0 = Release|Any CPU
	EndGlobalSection
	GlobalSection(SolutionProperties) = preSolution
		HideSolutionNode = FALSE
	EndGlobalSection
	GlobalSection(ExtensibilityGlobals) = postSolution
		SolutionGuid = {72BBED67-C4A4-4E92-81E4-D4E3CC27CF87}
	EndGlobalSection
EndGlobal
